
Microsoft Visual Studio Solution File, Format Version 12.00
# Visual Studio Version 16
VisualStudioVersion = 16.0.29201.188
MinimumVisualStudioVersion = 10.0.40219.1
Project("{FAE04EC0-301F-11D3-BF4B-00C04F79EFBC}") = "M4V.DevOps.IIS", "M4V.DevOps.IIS\M4V.DevOps.IIS.csproj", "{85D93C6D-D327-45A2-B287-7C59C5268C46}"
EndProject
Global
	GlobalSection(SolutionConfigurationPlatforms) = preSolution
		Debug|Any CPU = Debug|Any CPU
		Release|Any CPU = Release|Any CPU
	EndGlobalSection
	GlobalSection(ProjectConfigurationPlatforms) = postSolution
		{85D93C6D-D327-45A2-B287-7C59C5268C46}.Debug|Any CPU.ActiveCfg = Debug|Any CPU
		{85D93C6D-D327-45A2-B287-7C59C5268C46}.Debug|Any CPU.Build.0 = Debug|Any CPU
		{85D93C6D-D327-45A2-B287-7C59C5268C46}.Release|Any CPU.ActiveCfg = Release|Any CPU
		{85D93C6D-D327-45A2-B287-7C59C5268C46}.Release|Any CPU.Build.0 = Release|Any CPU
	EndGlobalSection
	GlobalSection(SolutionProperties) = preSolution
		HideSolutionNode = FALSE
	EndGlobalSection
	GlobalSection(ExtensibilityGlobals) = postSolution
		SolutionGuid = {D3B8449D-A590-452E-BAD3-D981D14818AA}
	EndGlobalSection
EndGlobal
